
Microsoft Visual Studio Solution File, Format Version 12.00
# Visual Studio Version 16
VisualStudioVersion = 16.0.31313.79
MinimumVisualStudioVersion = 10.0.40219.1
Project("{FAE04EC0-301F-11D3-BF4B-00C04F79EFBC}") = "startdemos+", "startdemos+.csproj", "{F5CEEBBF-022C-4533-AF45-458E1EF96BA2}"
EndProject
Project("{FAE04EC0-301F-11D3-BF4B-00C04F79EFBC}") = "HelpGuidesandTools", "HelpAndGuides\HelpGuidesandTools.csproj", "{51C40A3F-E496-453C-992C-A6A571A2B3D6}"
EndProject
Global
	GlobalSection(SolutionConfigurationPlatforms) = preSolution
		Debug|Any CPU = Debug|Any CPU
		Release|Any CPU = Release|Any CPU
	EndGlobalSection
	GlobalSection(ProjectConfigurationPlatforms) = postSolution
		{F5CEEBBF-022C-4533-AF45-458E1EF96BA2}.Debug|Any CPU.ActiveCfg = Debug|Any CPU
		{F5CEEBBF-022C-4533-AF45-458E1EF96BA2}.Debug|Any CPU.Build.0 = Debug|Any CPU
		{F5CEEBBF-022C-4533-AF45-458E1EF96BA2}.Release|Any CPU.ActiveCfg = Release|Any CPU
		{F5CEEBBF-022C-4533-AF45-458E1EF96BA2}.Release|Any CPU.Build.0 = Release|Any CPU
		{51C40A3F-E496-453C-992C-A6A571A2B3D6}.Debug|Any CPU.ActiveCfg = Debug|Any CPU
		{51C40A3F-E496-453C-992C-A6A571A2B3D6}.Debug|Any CPU.Build.0 = Debug|Any CPU
		{51C40A3F-E496-453C-992C-A6A571A2B3D6}.Release|Any CPU.ActiveCfg = Release|Any CPU
		{51C40A3F-E496-453C-992C-A6A571A2B3D6}.Release|Any CPU.Build.0 = Release|Any CPU
	EndGlobalSection
	GlobalSection(SolutionProperties) = preSolution
		HideSolutionNode = FALSE
	EndGlobalSection
	GlobalSection(ExtensibilityGlobals) = postSolution
		SolutionGuid = {3F442F1E-49E3-444E-83F3-F4597C81B89C}
	EndGlobalSection
EndGlobal
